
Microsoft Visual Studio Solution File, Format Version 12.00
# Visual Studio Version 16
VisualStudioVersion = 16.0.31025.194
MinimumVisualStudioVersion = 10.0.40219.1
Project("{9A19103F-16F7-4668-BE54-9A1E7A4F7556}") = "TimeStampService", "TimeStampService\TimeStampService.csproj", "{7494734A-D351-44D3-B84C-62ED5C3D719A}"
EndProject
Global
	GlobalSection(SolutionConfigurationPlatforms) = preSolution
		Debug|Any CPU = Debug|Any CPU
		Release|Any CPU = Release|Any CPU
	EndGlobalSection
	GlobalSection(ProjectConfigurationPlatforms) = postSolution
		{7494734A-D351-44D3-B84C-62ED5C3D719A}.Debug|Any CPU.ActiveCfg = Debug|Any CPU
		{7494734A-D351-44D3-B84C-62ED5C3D719A}.Debug|Any CPU.Build.0 = Debug|Any CPU
		{7494734A-D351-44D3-B84C-62ED5C3D719A}.Release|Any CPU.ActiveCfg = Release|Any CPU
		{7494734A-D351-44D3-B84C-62ED5C3D719A}.Release|Any CPU.Build.0 = Release|Any CPU
	EndGlobalSection
	GlobalSection(SolutionProperties) = preSolution
		HideSolutionNode = FALSE
	EndGlobalSection
	GlobalSection(ExtensibilityGlobals) = postSolution
		SolutionGuid = {48EE2230-C790-47E5-9D2C-F774F1039D48}
	EndGlobalSection
EndGlobal
